
Microsoft Visual Studio Solution File, Format Version 12.00
# Visual Studio Version 17
VisualStudioVersion = 17.10.35027.167
MinimumVisualStudioVersion = 10.0.40219.1
Project("{FAE04EC0-301F-11D3-BF4B-00C04F79EFBC}") = "EcommerceAmazon", "EcommerceAmazon.csproj", "{262A232C-2742-4F41-911F-642A6E7C19B0}"
EndProject
Global
	GlobalSection(SolutionConfigurationPlatforms) = preSolution
		Debug|Any CPU = Debug|Any CPU
		Release|Any CPU = Release|Any CPU
	EndGlobalSection
	GlobalSection(ProjectConfigurationPlatforms) = postSolution
		{262A232C-2742-4F41-911F-642A6E7C19B0}.Debug|Any CPU.ActiveCfg = Debug|Any CPU
		{262A232C-2742-4F41-911F-642A6E7C19B0}.Debug|Any CPU.Build.0 = Debug|Any CPU
		{262A232C-2742-4F41-911F-642A6E7C19B0}.Release|Any CPU.ActiveCfg = Release|Any CPU
		{262A232C-2742-4F41-911F-642A6E7C19B0}.Release|Any CPU.Build.0 = Release|Any CPU
	EndGlobalSection
	GlobalSection(SolutionProperties) = preSolution
		HideSolutionNode = FALSE
	EndGlobalSection
	GlobalSection(ExtensibilityGlobals) = postSolution
		SolutionGuid = {CF0E0B7D-64C1-4BA0-8100-59E9A3F2D65B}
	EndGlobalSection
EndGlobal
